
Microsoft Visual Studio Solution File, Format Version 12.00
# Visual Studio Version 16
VisualStudioVersion = 16.0.31702.278
MinimumVisualStudioVersion = 10.0.40219.1
Project("{9A19103F-16F7-4668-BE54-9A1E7A4F7556}") = "A1", "A1\A1.csproj", "{201EEBE5-2843-41EA-8C9E-0EBC7AAA7940}"
EndProject
Project("{9A19103F-16F7-4668-BE54-9A1E7A4F7556}") = "A1.Tests", "A1.Tests\A1.Tests.csproj", "{420625DC-36C4-4D65-A365-88F19327F2F7}"
EndProject
Project("{2150E333-8FDC-42A3-9474-1A3956D46DE8}") = "Solution Items", "Solution Items", "{25E4104D-442E-4E26-B50F-3DB190EC4C20}"
	ProjectSection(SolutionItems) = preProject
		README.md = README.md
	EndProjectSection
EndProject
Global
	GlobalSection(SolutionConfigurationPlatforms) = preSolution
		Debug|Any CPU = Debug|Any CPU
		Release|Any CPU = Release|Any CPU
	EndGlobalSection
	GlobalSection(ProjectConfigurationPlatforms) = postSolution
		{201EEBE5-2843-41EA-8C9E-0EBC7AAA7940}.Debug|Any CPU.ActiveCfg = Debug|Any CPU
		{201EEBE5-2843-41EA-8C9E-0EBC7AAA7940}.Debug|Any CPU.Build.0 = Debug|Any CPU
		{201EEBE5-2843-41EA-8C9E-0EBC7AAA7940}.Release|Any CPU.ActiveCfg = Release|Any CPU
		{201EEBE5-2843-41EA-8C9E-0EBC7AAA7940}.Release|Any CPU.Build.0 = Release|Any CPU
		{420625DC-36C4-4D65-A365-88F19327F2F7}.Debug|Any CPU.ActiveCfg = Debug|Any CPU
		{420625DC-36C4-4D65-A365-88F19327F2F7}.Debug|Any CPU.Build.0 = Debug|Any CPU
		{420625DC-36C4-4D65-A365-88F19327F2F7}.Release|Any CPU.ActiveCfg = Release|Any CPU
		{420625DC-36C4-4D65-A365-88F19327F2F7}.Release|Any CPU.Build.0 = Release|Any CPU
	EndGlobalSection
	GlobalSection(SolutionProperties) = preSolution
		HideSolutionNode = FALSE
	EndGlobalSection
	GlobalSection(ExtensibilityGlobals) = postSolution
		SolutionGuid = {F283775F-FE41-493F-A343-91824A91BB9B}
	EndGlobalSection
EndGlobal
